<?xml version="1.0" encoding="utf-8"?>
<Project ToolsVersion="4.0" xmlns="http://schemas.microsoft.com/developer/msbuild/2003">
  <ItemGroup>
    <ClCompile Include="game_logic.cpp" />
    <ClCompile Include="scene.cpp" />
    <ClCompile Include="cosmo.cpp" />
  </ItemGroup>
  <ItemGroup>
    <ClInclude Include="game_logic.h" />
    <ClInclude Include="scene.h" />
  </ItemGroup>
</Project>