
Microsoft Visual Studio Solution File, Format Version 12.00
# Visual Studio Version 16
VisualStudioVersion = 16.0.29215.179
MinimumVisualStudioVersion = 10.0.40219.1
Project("{8BC9CEB8-8B4A-11D0-8D11-00A0C91BC942}") = "libh5", "libh5\libh5.vcxproj", "{E7562EEF-DB9C-48EE-8703-084972932B49}"
EndProject
Project("{8BC9CEB8-8B4A-11D0-8D11-00A0C91BC942}") = "experimental", "examples\experimental\experimental.vcxproj", "{785FF9D6-3486-4444-B988-83C0ED0B2245}"
EndProject
Project("{2150E333-8FDC-42A3-9474-1A3956D46DE8}") = "examples", "examples", "{E12A25E2-D17A-447F-8EEF-09AD4356390E}"
EndProject
Project("{8BC9CEB8-8B4A-11D0-8D11-00A0C91BC942}") = "window", "examples\window\window.vcxproj", "{AD7CA883-D428-49E9-9DE7-526CA99967A0}"
EndProject
Project("{8BC9CEB8-8B4A-11D0-8D11-00A0C91BC942}") = "renderer", "examples\renderer\renderer.vcxproj", "{EB0430D5-469F-45E1-B22F-79D4B6AF7225}"
EndProject
Project("{8BC9CEB8-8B4A-11D0-8D11-00A0C91BC942}") = "draw_cube", "examples\draw_cube\draw_cube.vcxproj", "{9D85DB73-32E0-40DB-9CE1-A6267405EFD9}"
EndProject
Project("{8BC9CEB8-8B4A-11D0-8D11-00A0C91BC942}") = "global_light", "examples\global_light\global_light.vcxproj", "{53AC9993-81C0-455A-B870-8C768D55AF8C}"
EndProject
Project("{8BC9CEB8-8B4A-11D0-8D11-00A0C91BC942}") = "textures", "examples\textures\textures.vcxproj", "{A3829A93-C0D0-46CE-B1E8-AEF7ABDD5B5E}"
EndProject
Project("{8BC9CEB8-8B4A-11D0-8D11-00A0C91BC942}") = "draw_instanced", "examples\draw_instanced\draw_instanced.vcxproj", "{E4AA2244-15CB-49AE-8726-156D53027BB1}"
EndProject
Project("{8BC9CEB8-8B4A-11D0-8D11-00A0C91BC942}") = "iocp_server", "examples\iocp_server\iocp_server.vcxproj", "{C1D3F1B5-D6A5-444D-A62E-7A50A5155080}"
EndProject
Project("{8BC9CEB8-8B4A-11D0-8D11-00A0C91BC942}") = "tcp_stress_sender", "examples\tcp_stress_sender\tcp_stress_sender.vcxproj", "{3603AB4B-F581-457A-B912-781196D28CB0}"
EndProject
Project("{8BC9CEB8-8B4A-11D0-8D11-00A0C91BC942}") = "draw_text", "examples\draw_text\draw_text.vcxproj", "{CC29D32F-74F4-4622-941A-2CFDEF0BD9A5}"
EndProject
Project("{8BC9CEB8-8B4A-11D0-8D11-00A0C91BC942}") = "input", "examples\input\input.vcxproj", "{78A2C62C-7033-413A-8725-63E0F15F3619}"
EndProject
Project("{8BC9CEB8-8B4A-11D0-8D11-00A0C91BC942}") = "camera", "examples\camera\camera.vcxproj", "{0A3DD504-94B0-4A03-BCB1-CFE632BABD4E}"
EndProject
Project("{2150E333-8FDC-42A3-9474-1A3956D46DE8}") = "projects", "projects", "{5CEB9B3C-522D-4080-A826-12BA79ADCE6D}"
EndProject
Project("{8BC9CEB8-8B4A-11D0-8D11-00A0C91BC942}") = "cosmo", "projects\cosmo\cosmo.vcxproj", "{F2DA436D-5F94-4E9D-9DD3-9C070CEB74EE}"
EndProject
Project("{2150E333-8FDC-42A3-9474-1A3956D46DE8}") = "tools", "tools", "{CAF398B2-277F-43C2-A9F0-003B5E2BBDFE}"
EndProject
Project("{8BC9CEB8-8B4A-11D0-8D11-00A0C91BC942}") = "meshconv", "meshconv\meshconv.vcxproj", "{2643193E-3B56-4095-AE0F-8E31967E6E62}"
EndProject
Global
	GlobalSection(SolutionConfigurationPlatforms) = preSolution
		Debug|win64 = Debug|win64
		Debug|x64 = Debug|x64
		Debug|x86 = Debug|x86
		Release|win64 = Release|win64
		Release|x64 = Release|x64
		Release|x86 = Release|x86
	EndGlobalSection
	GlobalSection(ProjectConfigurationPlatforms) = postSolution
		{E7562EEF-DB9C-48EE-8703-084972932B49}.Debug|win64.ActiveCfg = Debug|x64
		{E7562EEF-DB9C-48EE-8703-084972932B49}.Debug|win64.Build.0 = Debug|x64
		{E7562EEF-DB9C-48EE-8703-084972932B49}.Debug|x64.ActiveCfg = Debug|x64
		{E7562EEF-DB9C-48EE-8703-084972932B49}.Debug|x64.Build.0 = Debug|x64
		{E7562EEF-DB9C-48EE-8703-084972932B49}.Debug|x86.ActiveCfg = Debug|x64
		{E7562EEF-DB9C-48EE-8703-084972932B49}.Release|win64.ActiveCfg = Release|x64
		{E7562EEF-DB9C-48EE-8703-084972932B49}.Release|win64.Build.0 = Release|x64
		{E7562EEF-DB9C-48EE-8703-084972932B49}.Release|x64.ActiveCfg = Release|x64
		{E7562EEF-DB9C-48EE-8703-084972932B49}.Release|x64.Build.0 = Release|x64
		{E7562EEF-DB9C-48EE-8703-084972932B49}.Release|x86.ActiveCfg = Release|x64
		{785FF9D6-3486-4444-B988-83C0ED0B2245}.Debug|win64.ActiveCfg = Debug|x64
		{785FF9D6-3486-4444-B988-83C0ED0B2245}.Debug|win64.Build.0 = Debug|x64
		{785FF9D6-3486-4444-B988-83C0ED0B2245}.Debug|x64.ActiveCfg = Debug|x64
		{785FF9D6-3486-4444-B988-83C0ED0B2245}.Debug|x64.Build.0 = Debug|x64
		{785FF9D6-3486-4444-B988-83C0ED0B2245}.Debug|x86.ActiveCfg = Debug|x64
		{785FF9D6-3486-4444-B988-83C0ED0B2245}.Release|win64.ActiveCfg = Release|x64
		{785FF9D6-3486-4444-B988-83C0ED0B2245}.Release|win64.Build.0 = Release|x64
		{785FF9D6-3486-4444-B988-83C0ED0B2245}.Release|x64.ActiveCfg = Release|x64
		{785FF9D6-3486-4444-B988-83C0ED0B2245}.Release|x64.Build.0 = Release|x64
		{785FF9D6-3486-4444-B988-83C0ED0B2245}.Release|x86.ActiveCfg = Release|x64
		{AD7CA883-D428-49E9-9DE7-526CA99967A0}.Debug|win64.ActiveCfg = Debug|x64
		{AD7CA883-D428-49E9-9DE7-526CA99967A0}.Debug|win64.Build.0 = Debug|x64
		{AD7CA883-D428-49E9-9DE7-526CA99967A0}.Debug|x64.ActiveCfg = Debug|x64
		{AD7CA883-D428-49E9-9DE7-526CA99967A0}.Debug|x86.ActiveCfg = Debug|x64
		{AD7CA883-D428-49E9-9DE7-526CA99967A0}.Release|win64.ActiveCfg = Release|x64
		{AD7CA883-D428-49E9-9DE7-526CA99967A0}.Release|win64.Build.0 = Release|x64
		{AD7CA883-D428-49E9-9DE7-526CA99967A0}.Release|x64.ActiveCfg = Release|x64
		{AD7CA883-D428-49E9-9DE7-526CA99967A0}.Release|x86.ActiveCfg = Release|x64
		{EB0430D5-469F-45E1-B22F-79D4B6AF7225}.Debug|win64.ActiveCfg = Debug|x64
		{EB0430D5-469F-45E1-B22F-79D4B6AF7225}.Debug|win64.Build.0 = Debug|x64
		{EB0430D5-469F-45E1-B22F-79D4B6AF7225}.Debug|x64.ActiveCfg = Debug|x64
		{EB0430D5-469F-45E1-B22F-79D4B6AF7225}.Debug|x86.ActiveCfg = Debug|x64
		{EB0430D5-469F-45E1-B22F-79D4B6AF7225}.Release|win64.ActiveCfg = Release|x64
		{EB0430D5-469F-45E1-B22F-79D4B6AF7225}.Release|win64.Build.0 = Release|x64
		{EB0430D5-469F-45E1-B22F-79D4B6AF7225}.Release|x64.ActiveCfg = Release|x64
		{EB0430D5-469F-45E1-B22F-79D4B6AF7225}.Release|x86.ActiveCfg = Release|x64
		{9D85DB73-32E0-40DB-9CE1-A6267405EFD9}.Debug|win64.ActiveCfg = Debug|x64
		{9D85DB73-32E0-40DB-9CE1-A6267405EFD9}.Debug|win64.Build.0 = Debug|x64
		{9D85DB73-32E0-40DB-9CE1-A6267405EFD9}.Debug|x64.ActiveCfg = Debug|x64
		{9D85DB73-32E0-40DB-9CE1-A6267405EFD9}.Debug|x86.ActiveCfg = Debug|x64
		{9D85DB73-32E0-40DB-9CE1-A6267405EFD9}.Release|win64.ActiveCfg = Release|x64
		{9D85DB73-32E0-40DB-9CE1-A6267405EFD9}.Release|win64.Build.0 = Release|x64
		{9D85DB73-32E0-40DB-9CE1-A6267405EFD9}.Release|x64.ActiveCfg = Release|x64
		{9D85DB73-32E0-40DB-9CE1-A6267405EFD9}.Release|x86.ActiveCfg = Release|x64
		{53AC9993-81C0-455A-B870-8C768D55AF8C}.Debug|win64.ActiveCfg = Debug|x64
		{53AC9993-81C0-455A-B870-8C768D55AF8C}.Debug|win64.Build.0 = Debug|x64
		{53AC9993-81C0-455A-B870-8C768D55AF8C}.Debug|x64.ActiveCfg = Debug|x64
		{53AC9993-81C0-455A-B870-8C768D55AF8C}.Debug|x86.ActiveCfg = Debug|x64
		{53AC9993-81C0-455A-B870-8C768D55AF8C}.Release|win64.ActiveCfg = Release|x64
		{53AC9993-81C0-455A-B870-8C768D55AF8C}.Release|win64.Build.0 = Release|x64
		{53AC9993-81C0-455A-B870-8C768D55AF8C}.Release|x64.ActiveCfg = Release|x64
		{53AC9993-81C0-455A-B870-8C768D55AF8C}.Release|x86.ActiveCfg = Release|x64
		{A3829A93-C0D0-46CE-B1E8-AEF7ABDD5B5E}.Debug|win64.ActiveCfg = Debug|x64
		{A3829A93-C0D0-46CE-B1E8-AEF7ABDD5B5E}.Debug|win64.Build.0 = Debug|x64
		{A3829A93-C0D0-46CE-B1E8-AEF7ABDD5B5E}.Debug|x64.ActiveCfg = Debug|x64
		{A3829A93-C0D0-46CE-B1E8-AEF7ABDD5B5E}.Debug|x86.ActiveCfg = Debug|x64
		{A3829A93-C0D0-46CE-B1E8-AEF7ABDD5B5E}.Release|win64.ActiveCfg = Release|x64
		{A3829A93-C0D0-46CE-B1E8-AEF7ABDD5B5E}.Release|win64.Build.0 = Release|x64
		{A3829A93-C0D0-46CE-B1E8-AEF7ABDD5B5E}.Release|x64.ActiveCfg = Release|x64
		{A3829A93-C0D0-46CE-B1E8-AEF7ABDD5B5E}.Release|x86.ActiveCfg = Release|x64
		{E4AA2244-15CB-49AE-8726-156D53027BB1}.Debug|win64.ActiveCfg = Debug|x64
		{E4AA2244-15CB-49AE-8726-156D53027BB1}.Debug|win64.Build.0 = Debug|x64
		{E4AA2244-15CB-49AE-8726-156D53027BB1}.Debug|x64.ActiveCfg = Debug|x64
		{E4AA2244-15CB-49AE-8726-156D53027BB1}.Debug|x86.ActiveCfg = Debug|x64
		{E4AA2244-15CB-49AE-8726-156D53027BB1}.Release|win64.ActiveCfg = Release|x64
		{E4AA2244-15CB-49AE-8726-156D53027BB1}.Release|win64.Build.0 = Release|x64
		{E4AA2244-15CB-49AE-8726-156D53027BB1}.Release|x64.ActiveCfg = Release|x64
		{E4AA2244-15CB-49AE-8726-156D53027BB1}.Release|x86.ActiveCfg = Release|x64
		{C1D3F1B5-D6A5-444D-A62E-7A50A5155080}.Debug|win64.ActiveCfg = Debug|x64
		{C1D3F1B5-D6A5-444D-A62E-7A50A5155080}.Debug|win64.Build.0 = Debug|x64
		{C1D3F1B5-D6A5-444D-A62E-7A50A5155080}.Debug|x64.ActiveCfg = Debug|x64
		{C1D3F1B5-D6A5-444D-A62E-7A50A5155080}.Debug|x86.ActiveCfg = Debug|x64
		{C1D3F1B5-D6A5-444D-A62E-7A50A5155080}.Release|win64.ActiveCfg = Release|x64
		{C1D3F1B5-D6A5-444D-A62E-7A50A5155080}.Release|win64.Build.0 = Release|x64
		{C1D3F1B5-D6A5-444D-A62E-7A50A5155080}.Release|x64.ActiveCfg = Release|x64
		{C1D3F1B5-D6A5-444D-A62E-7A50A5155080}.Release|x86.ActiveCfg = Release|x64
		{3603AB4B-F581-457A-B912-781196D28CB0}.Debug|win64.ActiveCfg = Debug|x64
		{3603AB4B-F581-457A-B912-781196D28CB0}.Debug|win64.Build.0 = Debug|x64
		{3603AB4B-F581-457A-B912-781196D28CB0}.Debug|x64.ActiveCfg = Debug|x64
		{3603AB4B-F581-457A-B912-781196D28CB0}.Debug|x86.ActiveCfg = Debug|x64
		{3603AB4B-F581-457A-B912-781196D28CB0}.Release|win64.ActiveCfg = Release|x64
		{3603AB4B-F581-457A-B912-781196D28CB0}.Release|win64.Build.0 = Release|x64
		{3603AB4B-F581-457A-B912-781196D28CB0}.Release|x64.ActiveCfg = Release|x64
		{3603AB4B-F581-457A-B912-781196D28CB0}.Release|x86.ActiveCfg = Release|x64
		{CC29D32F-74F4-4622-941A-2CFDEF0BD9A5}.Debug|win64.ActiveCfg = Debug|x64
		{CC29D32F-74F4-4622-941A-2CFDEF0BD9A5}.Debug|win64.Build.0 = Debug|x64
		{CC29D32F-74F4-4622-941A-2CFDEF0BD9A5}.Debug|x64.ActiveCfg = Debug|x64
		{CC29D32F-74F4-4622-941A-2CFDEF0BD9A5}.Debug|x86.ActiveCfg = Debug|x64
		{CC29D32F-74F4-4622-941A-2CFDEF0BD9A5}.Release|win64.ActiveCfg = Release|x64
		{CC29D32F-74F4-4622-941A-2CFDEF0BD9A5}.Release|win64.Build.0 = Release|x64
		{CC29D32F-74F4-4622-941A-2CFDEF0BD9A5}.Release|x64.ActiveCfg = Release|x64
		{CC29D32F-74F4-4622-941A-2CFDEF0BD9A5}.Release|x86.ActiveCfg = Release|x64
		{78A2C62C-7033-413A-8725-63E0F15F3619}.Debug|win64.ActiveCfg = Debug|x64
		{78A2C62C-7033-413A-8725-63E0F15F3619}.Debug|win64.Build.0 = Debug|x64
		{78A2C62C-7033-413A-8725-63E0F15F3619}.Debug|x64.ActiveCfg = Debug|x64
		{78A2C62C-7033-413A-8725-63E0F15F3619}.Debug|x86.ActiveCfg = Debug|x64
		{78A2C62C-7033-413A-8725-63E0F15F3619}.Release|win64.ActiveCfg = Release|x64
		{78A2C62C-7033-413A-8725-63E0F15F3619}.Release|win64.Build.0 = Release|x64
		{78A2C62C-7033-413A-8725-63E0F15F3619}.Release|x64.ActiveCfg = Release|x64
		{78A2C62C-7033-413A-8725-63E0F15F3619}.Release|x86.ActiveCfg = Release|x64
		{0A3DD504-94B0-4A03-BCB1-CFE632BABD4E}.Debug|win64.ActiveCfg = Debug|x64
		{0A3DD504-94B0-4A03-BCB1-CFE632BABD4E}.Debug|win64.Build.0 = Debug|x64
		{0A3DD504-94B0-4A03-BCB1-CFE632BABD4E}.Debug|x64.ActiveCfg = Debug|x64
		{0A3DD504-94B0-4A03-BCB1-CFE632BABD4E}.Debug|x86.ActiveCfg = Debug|x64
		{0A3DD504-94B0-4A03-BCB1-CFE632BABD4E}.Release|win64.ActiveCfg = Release|x64
		{0A3DD504-94B0-4A03-BCB1-CFE632BABD4E}.Release|win64.Build.0 = Release|x64
		{0A3DD504-94B0-4A03-BCB1-CFE632BABD4E}.Release|x64.ActiveCfg = Release|x64
		{0A3DD504-94B0-4A03-BCB1-CFE632BABD4E}.Release|x86.ActiveCfg = Release|x64
		{F2DA436D-5F94-4E9D-9DD3-9C070CEB74EE}.Debug|win64.ActiveCfg = Debug|x64
		{F2DA436D-5F94-4E9D-9DD3-9C070CEB74EE}.Debug|win64.Build.0 = Debug|x64
		{F2DA436D-5F94-4E9D-9DD3-9C070CEB74EE}.Debug|x64.ActiveCfg = Debug|x64
		{F2DA436D-5F94-4E9D-9DD3-9C070CEB74EE}.Debug|x64.Build.0 = Debug|x64
		{F2DA436D-5F94-4E9D-9DD3-9C070CEB74EE}.Debug|x86.ActiveCfg = Debug|Win32
		{F2DA436D-5F94-4E9D-9DD3-9C070CEB74EE}.Debug|x86.Build.0 = Debug|Win32
		{F2DA436D-5F94-4E9D-9DD3-9C070CEB74EE}.Release|win64.ActiveCfg = Release|x64
		{F2DA436D-5F94-4E9D-9DD3-9C070CEB74EE}.Release|win64.Build.0 = Release|x64
		{F2DA436D-5F94-4E9D-9DD3-9C070CEB74EE}.Release|x64.ActiveCfg = Release|x64
		{F2DA436D-5F94-4E9D-9DD3-9C070CEB74EE}.Release|x64.Build.0 = Release|x64
		{F2DA436D-5F94-4E9D-9DD3-9C070CEB74EE}.Release|x86.ActiveCfg = Release|Win32
		{F2DA436D-5F94-4E9D-9DD3-9C070CEB74EE}.Release|x86.Build.0 = Release|Win32
		{2643193E-3B56-4095-AE0F-8E31967E6E62}.Debug|win64.ActiveCfg = Debug|x64
		{2643193E-3B56-4095-AE0F-8E31967E6E62}.Debug|win64.Build.0 = Debug|x64
		{2643193E-3B56-4095-AE0F-8E31967E6E62}.Debug|x64.ActiveCfg = Debug|x64
		{2643193E-3B56-4095-AE0F-8E31967E6E62}.Debug|x64.Build.0 = Debug|x64
		{2643193E-3B56-4095-AE0F-8E31967E6E62}.Debug|x86.ActiveCfg = Debug|Win32
		{2643193E-3B56-4095-AE0F-8E31967E6E62}.Debug|x86.Build.0 = Debug|Win32
		{2643193E-3B56-4095-AE0F-8E31967E6E62}.Release|win64.ActiveCfg = Release|Win32
		{2643193E-3B56-4095-AE0F-8E31967E6E62}.Release|x64.ActiveCfg = Release|x64
		{2643193E-3B56-4095-AE0F-8E31967E6E62}.Release|x64.Build.0 = Release|x64
		{2643193E-3B56-4095-AE0F-8E31967E6E62}.Release|x86.ActiveCfg = Release|Win32
		{2643193E-3B56-4095-AE0F-8E31967E6E62}.Release|x86.Build.0 = Release|Win32
	EndGlobalSection
	GlobalSection(SolutionProperties) = preSolution
		HideSolutionNode = FALSE
	EndGlobalSection
	GlobalSection(NestedProjects) = preSolution
		{785FF9D6-3486-4444-B988-83C0ED0B2245} = {E12A25E2-D17A-447F-8EEF-09AD4356390E}
		{AD7CA883-D428-49E9-9DE7-526CA99967A0} = {E12A25E2-D17A-447F-8EEF-09AD4356390E}
		{EB0430D5-469F-45E1-B22F-79D4B6AF7225} = {E12A25E2-D17A-447F-8EEF-09AD4356390E}
		{9D85DB73-32E0-40DB-9CE1-A6267405EFD9} = {E12A25E2-D17A-447F-8EEF-09AD4356390E}
		{53AC9993-81C0-455A-B870-8C768D55AF8C} = {E12A25E2-D17A-447F-8EEF-09AD4356390E}
		{A3829A93-C0D0-46CE-B1E8-AEF7ABDD5B5E} = {E12A25E2-D17A-447F-8EEF-09AD4356390E}
		{E4AA2244-15CB-49AE-8726-156D53027BB1} = {E12A25E2-D17A-447F-8EEF-09AD4356390E}
		{C1D3F1B5-D6A5-444D-A62E-7A50A5155080} = {E12A25E2-D17A-447F-8EEF-09AD4356390E}
		{3603AB4B-F581-457A-B912-781196D28CB0} = {E12A25E2-D17A-447F-8EEF-09AD4356390E}
		{CC29D32F-74F4-4622-941A-2CFDEF0BD9A5} = {E12A25E2-D17A-447F-8EEF-09AD4356390E}
		{78A2C62C-7033-413A-8725-63E0F15F3619} = {E12A25E2-D17A-447F-8EEF-09AD4356390E}
		{0A3DD504-94B0-4A03-BCB1-CFE632BABD4E} = {E12A25E2-D17A-447F-8EEF-09AD4356390E}
		{F2DA436D-5F94-4E9D-9DD3-9C070CEB74EE} = {5CEB9B3C-522D-4080-A826-12BA79ADCE6D}
		{2643193E-3B56-4095-AE0F-8E31967E6E62} = {CAF398B2-277F-43C2-A9F0-003B5E2BBDFE}
	EndGlobalSection
	GlobalSection(ExtensibilityGlobals) = postSolution
		SolutionGuid = {F49C1AEF-0349-44AB-9BCE-B59657E3328A}
	EndGlobalSection
EndGlobal
